// !$*UTF8*$!
{
	archiveVersion = 1;
	classes = {
	};
	objectVersion = 50;
	objects = {

/* Begin PBXBuildFile section */
		4DACE44624256C6F0064C90C /* AppDelegate.swift in Sources */ = {isa = PBXBuildFile; fileRef = 4DACE44524256C6F0064C90C /* AppDelegate.swift */; };
		4DACE44824256C6F0064C90C /* SceneDelegate.swift in Sources */ = {isa = PBXBuildFile; fileRef = 4DACE44724256C6F0064C90C /* SceneDelegate.swift */; };
		4DACE44A24256C6F0064C90C /* ContentView.swift in Sources */ = {isa = PBXBuildFile; fileRef = 4DACE44924256C6F0064C90C /* ContentView.swift */; };
		4DACE44C24256C700064C90C /* Assets.xcassets in Resources */ = {isa = PBXBuildFile; fileRef = 4DACE44B24256C700064C90C /* Assets.xcassets */; };
		4DACE44F24256C700064C90C /* Preview Assets.xcassets in Resources */ = {isa = PBXBuildFile; fileRef = 4DACE44E24256C700064C90C /* Preview Assets.xcassets */; };
		4DACE45224256C700064C90C /* LaunchScreen.storyboard in Resources */ = {isa = PBXBuildFile; fileRef = 4DACE45024256C700064C90C /* LaunchScreen.storyboard */; };
		4DACE45B24256C930064C90C /* ToDo.swift in Sources */ = {isa = PBXBuildFile; fileRef = 4DACE45A24256C930064C90C /* ToDo.swift */; };
/* End PBXBuildFile section */

/* Begin PBXFileReference section */
		4DACE44224256C6F0064C90C /* SwiftUI 3.app */ = {isa = PBXFileReference; explicitFileType = wrapper.application; includeInIndex = 0; path = "SwiftUI 3.app"; sourceTree = BUILT_PRODUCTS_DIR; };
		4DACE44524256C6F0064C90C /* AppDelegate.swift */ = {isa = PBXFileReference; lastKnownFileType = sourcecode.swift; path = AppDelegate.swift; sourceTree = "<group>"; };
		4DACE44724256C6F0064C90C /* SceneDelegate.swift */ = {isa = PBXFileReference; lastKnownFileType = sourcecode.swift; path = SceneDelegate.swift; sourceTree = "<group>"; };
		4DACE44924256C6F0064C90C /* ContentView.swift */ = {isa = PBXFileReference; lastKnownFileType = sourcecode.swift; path = ContentView.swift; sourceTree = "<group>"; };
		4DACE44B24256C700064C90C /* Assets.xcassets */ = {isa = PBXFileReference; lastKnownFileType = folder.assetcatalog; path = Assets.xcassets; sourceTree = "<group>"; };
		4DACE44E24256C700064C90C /* Preview Assets.xcassets */ = {isa = PBXFileReference; lastKnownFileType = folder.assetcatalog; path = "Preview Assets.xcassets"; sourceTree = "<group>"; };
		4DACE45124256C700064C90C /* Base */ = {isa = PBXFileReference; lastKnownFileType = file.storyboard; name = Base; path = Base.lproj/LaunchScreen.storyboard; sourceTree = "<group>"; };
		4DACE45324256C700064C90C /* Info.plist */ = {isa = PBXFileReference; lastKnownFileType = text.plist.xml; path = Info.plist; sourceTree = "<group>"; };
		4DACE45A24256C930064C90C /* ToDo.swift */ = {isa = PBXFileReference; lastKnownFileType = sourcecode.swift; path = ToDo.swift; sourceTree = "<group>"; };
/* End PBXFileReference section */

/* Begin PBXFrameworksBuildPhase section */
		4DACE43F24256C6F0064C90C /* Frameworks */ = {
			isa = PBXFrameworksBuildPhase;
			buildActionMask = 2147483647;
			files = (
			);
			runOnlyForDeploymentPostprocessing = 0;
		};
/* End PBXFrameworksBuildPhase section */

/* Begin PBXGroup section */
		4DACE43924256C6F0064C90C = {
			isa = PBXGroup;
			children = (
				4DACE44424256C6F0064C90C /* SwiftUI 3 */,
				4DACE44324256C6F0064C90C /* Products */,
			);
			sourceTree = "<group>";
		};
		4DACE44324256C6F0064C90C /* Products */ = {
			isa = PBXGroup;
			children = (
				4DACE44224256C6F0064C90C /* SwiftUI 3.app */,
			);
			name = Products;
			sourceTree = "<group>";
		};
		4DACE44424256C6F0064C90C /* SwiftUI 3 */ = {
			isa = PBXGroup;
			children = (
				4DACE45924256C7D0064C90C /* Models */,
				4DACE44524256C6F0064C90C /* AppDelegate.swift */,
				4DACE44724256C6F0064C90C /* SceneDelegate.swift */,
				4DACE44924256C6F0064C90C /* ContentView.swift */,
				4DACE44B24256C700064C90C /* Assets.xcassets */,
				4DACE45024256C700064C90C /* LaunchScreen.storyboard */,
				4DACE45324256C700064C90C /* Info.plist */,
				4DACE44D24256C700064C90C /* Preview Content */,
			);
			path = "SwiftUI 3";
			sourceTree = "<group>";
		};
		4DACE44D24256C700064C90C /* Preview Content */ = {
			isa = PBXGroup;
			children = (
				4DACE44E24256C700064C90C /* Preview Assets.xcassets */,
			);
			path = "Preview Content";
			sourceTree = "<group>";
		};
		4DACE45924256C7D0064C90C /* Models */ = {
			isa = PBXGroup;
			children = (
				4DACE45A24256C930064C90C /* ToDo.swift */,
			);
			path = Models;
			sourceTree = "<group>";
		};
/* End PBXGroup section */

/* Begin PBXNativeTarget section */
		4DACE44124256C6F0064C90C /* SwiftUI 3 */ = {
			isa = PBXNativeTarget;
			buildConfigurationList = 4DACE45624256C700064C90C /* Build configuration list for PBXNativeTarget "SwiftUI 3" */;
			buildPhases = (
				4DACE43E24256C6F0064C90C /* Sources */,
				4DACE43F24256C6F0064C90C /* Frameworks */,
				4DACE44024256C6F0064C90C /* Resources */,
			);
			buildRules = (
			);
			dependencies = (
			);
			name = "SwiftUI 3";
			productName = "SwiftUI 3";
			productReference = 4DACE44224256C6F0064C90C /* SwiftUI 3.app */;
			productType = "com.apple.product-type.application";
		};
/* End PBXNativeTarget section */

/* Begin PBXProject section */
		4DACE43A24256C6F0064C90C /* Project object */ = {
			isa = PBXProject;
			attributes = {
				LastSwiftUpdateCheck = 1130;
				LastUpgradeCheck = 1130;
				ORGANIZATIONNAME = "Derek Banas";
				TargetAttributes = {
					4DACE44124256C6F0064C90C = {
						CreatedOnToolsVersion = 11.3.1;
					};
				};
			};
			buildConfigurationList = 4DACE43D24256C6F0064C90C /* Build configuration list for PBXProject "SwiftUI 3" */;
			compatibilityVersion = "Xcode 9.3";
			developmentRegion = en;
			hasScannedForEncodings = 0;
			knownRegions = (
				en,
				Base,
			);
			mainGroup = 4DACE43924256C6F0064C90C;
			productRefGroup = 4DACE44324256C6F0064C90C /* Products */;
			projectDirPath = "";
			projectRoot = "";
			targets = (
				4DACE44124256C6F0064C90C /* SwiftUI 3 */,
			);
		};
/* End PBXProject section */

/* Begin PBXResourcesBuildPhase section */
		4DACE44024256C6F0064C90C /* Resources */ = {
			isa = PBXResourcesBuildPhase;
			buildActionMask = 2147483647;
			files = (
				4DACE45224256C700064C90C /* LaunchScreen.storyboard in Resources */,
				4DACE44F24256C700064C90C /* Preview Assets.xcassets in Resources */,
				4DACE44C24256C700064C90C /* Assets.xcassets in Resources */,
			);
			runOnlyForDeploymentPostprocessing = 0;
		};
/* End PBXResourcesBuildPhase section */

/* Begin PBXSourcesBuildPhase section */
		4DACE43E24256C6F0064C90C /* Sources */ = {
			isa = PBXSourcesBuildPhase;
			buildActionMask = 2147483647;
			files = (
				4DACE44624256C6F0064C90C /* AppDelegate.swift in Sources */,
				4DACE44824256C6F0064C90C /* SceneDelegate.swift in Sources */,
				4DACE44A24256C6F0064C90C /* ContentView.swift in Sources */,
				4DACE45B24256C930064C90C /* ToDo.swift in Sources */,
			);
			runOnlyForDeploymentPostprocessing = 0;
		};
/* End PBXSourcesBuildPhase section */

/* Begin PBXVariantGroup section */
		4DACE45024256C700064C90C /* LaunchScreen.storyboard */ = {
			isa = PBXVariantGroup;
			children = (
				4DACE45124256C700064C90C /* Base */,
			);
			name = LaunchScreen.storyboard;
			sourceTree = "<group>";
		};
/* End PBXVariantGroup section */

/* Begin XCBuildConfiguration section */
		4DACE45424256C700064C90C /* Debug */ = {
			isa = XCBuildConfiguration;
			buildSettings = {
				ALWAYS_SEARCH_USER_PATHS = NO;
				CLANG_ANALYZER_NONNULL = YES;
				CLANG_ANALYZER_NUMBER_OBJECT_CONVERSION = YES_AGGRESSIVE;
				CLANG_CXX_LANGUAGE_STANDARD = "gnu++14";
				CLANG_CXX_LIBRARY = "libc++";
				CLANG_ENABLE_MODULES = YES;
				CLANG_ENABLE_OBJC_ARC = YES;
				CLANG_ENABLE_OBJC_WEAK = YES;
				CLANG_WARN_BLOCK_CAPTURE_AUTORELEASING = YES;
				CLANG_WARN_BOOL_CONVERSION = YES;
				CLANG_WARN_COMMA = YES;
				CLANG_WARN_CONSTANT_CONVERSION = YES;
				CLANG_WARN_DEPRECATED_OBJC_IMPLEMENTATIONS = YES;
				CLANG_WARN_DIRECT_OBJC_ISA_USAGE = YES_ERROR;
				CLANG_WARN_DOCUMENTATION_COMMENTS = YES;
				CLANG_WARN_EMPTY_BODY = YES;
				CLANG_WARN_ENUM_CONVERSION = YES;
				CLANG_WARN_INFINITE_RECURSION = YES;
				CLANG_WARN_INT_CONVERSION = YES;
				CLANG_WARN_NON_LITERAL_NULL_CONVERSION = YES;
				CLANG_WARN_OBJC_IMPLICIT_RETAIN_SELF = YES;
				CLANG_WARN_OBJC_LITERAL_CONVERSION = YES;
				CLANG_WARN_OBJC_ROOT_CLASS = YES_ERROR;
				CLANG_WARN_RANGE_LOOP_ANALYSIS = YES;
				CLANG_WARN_STRICT_PROTOTYPES = YES;
				CLANG_WARN_SUSPICIOUS_MOVE = YES;
				CLANG_WARN_UNGUARDED_AVAILABILITY = YES_AGGRESSIVE;
				CLANG_WARN_UNREACHABLE_CODE = YES;
				CLANG_WARN__DUPLICATE_METHOD_MATCH = YES;
				COPY_PHASE_STRIP = NO;
				DEBUG_INFORMATION_FORMAT = dwarf;
				ENABLE_STRICT_OBJC_MSGSEND = YES;
				ENABLE_TESTABILITY = YES;
				GCC_C_LANGUAGE_STANDARD = gnu11;
				GCC_DYNAMIC_NO_PIC = NO;
				GCC_NO_COMMON_BLOCKS = YES;
				GCC_OPTIMIZATION_LEVEL = 0;
				GCC_PREPROCESSOR_DEFINITIONS = (
					"DEBUG=1",
					"$(inherited)",
				);
				GCC_WARN_64_TO_32_BIT_CONVERSION = YES;
				GCC_WARN_ABOUT_RETURN_TYPE = YES_ERROR;
				GCC_WARN_UNDECLARED_SELECTOR = YES;
				GCC_WARN_UNINITIALIZED_AUTOS = YES_AGGRESSIVE;
				GCC_WARN_UNUSED_FUNCTION = YES;
				GCC_WARN_UNUSED_VARIABLE = YES;
				IPHONEOS_DEPLOYMENT_TARGET = 13.2;
				MTL_ENABLE_DEBUG_INFO = INCLUDE_SOURCE;
				MTL_FAST_MATH = YES;
				ONLY_ACTIVE_ARCH = YES;
				SDKROOT = iphoneos;
				SWIFT_ACTIVE_COMPILATION_CONDITIONS = DEBUG;
				SWIFT_OPTIMIZATION_LEVEL = "-Onone";
			};
			name = Debug;
		};
		4DACE45524256C700064C90C /* Release */ = {
			isa = XCBuildConfiguration;
			buildSettings = {
				ALWAYS_SEARCH_USER_PATHS = NO;
				CLANG_ANALYZER_NONNULL = YES;
				CLANG_ANALYZER_NUMBER_OBJECT_CONVERSION = YES_AGGRESSIVE;
				CLANG_CXX_LANGUAGE_STANDARD = "gnu++14";
				CLANG_CXX_LIBRARY = "libc++";
				CLANG_ENABLE_MODULES = YES;
				CLANG_ENABLE_OBJC_ARC = YES;
				CLANG_ENABLE_OBJC_WEAK = YES;
				CLANG_WARN_BLOCK_CAPTURE_AUTORELEASING = YES;
				CLANG_WARN_BOOL_CONVERSION = YES;
				CLANG_WARN_COMMA = YES;
				CLANG_WARN_CONSTANT_CONVERSION = YES;
				CLANG_WARN_DEPRECATED_OBJC_IMPLEMENTATIONS = YES;
				CLANG_WARN_DIRECT_OBJC_ISA_USAGE = YES_ERROR;
				CLANG_WARN_DOCUMENTATION_COMMENTS = YES;
				CLANG_WARN_EMPTY_BODY = YES;
				CLANG_WARN_ENUM_CONVERSION = YES;
				CLANG_WARN_INFINITE_RECURSION = YES;
				CLANG_WARN_INT_CONVERSION = YES;
				CLANG_WARN_NON_LITERAL_NULL_CONVERSION = YES;
				CLANG_WARN_OBJC_IMPLICIT_RETAIN_SELF = YES;
				CLANG_WARN_OBJC_LITERAL_CONVERSION = YES;
				CLANG_WARN_OBJC_ROOT_CLASS = YES_ERROR;
				CLANG_WARN_RANGE_LOOP_ANALYSIS = YES;
				CLANG_WARN_STRICT_PROTOTYPES = YES;
				CLANG_WARN_SUSPICIOUS_MOVE = YES;
				CLANG_WARN_UNGUARDED_AVAILABILITY = YES_AGGRESSIVE;
				CLANG_WARN_UNREACHABLE_CODE = YES;
				CLANG_WARN__DUPLICATE_METHOD_MATCH = YES;
				COPY_PHASE_STRIP = NO;
				DEBUG_INFORMATION_FORMAT = "dwarf-with-dsym";
				ENABLE_NS_ASSERTIONS = NO;
				ENABLE_STRICT_OBJC_MSGSEND = YES;
				GCC_C_LANGUAGE_STANDARD = gnu11;
				GCC_NO_COMMON_BLOCKS = YES;
				GCC_WARN_64_TO_32_BIT_CONVERSION = YES;
				GCC_WARN_ABOUT_RETURN_TYPE = YES_ERROR;
				GCC_WARN_UNDECLARED_SELECTOR = YES;
				GCC_WARN_UNINITIALIZED_AUTOS = YES_AGGRESSIVE;
				GCC_WARN_UNUSED_FUNCTION = YES;
				GCC_WARN_UNUSED_VARIABLE = YES;
				IPHONEOS_DEPLOYMENT_TARGET = 13.2;
				MTL_ENABLE_DEBUG_INFO = NO;
				MTL_FAST_MATH = YES;
				SDKROOT = iphoneos;
				SWIFT_COMPILATION_MODE = wholemodule;
				SWIFT_OPTIMIZATION_LEVEL = "-O";
				VALIDATE_PRODUCT = YES;
			};
			name = Release;
		};
		4DACE45724256C700064C90C /* Debug */ = {
			isa = XCBuildConfiguration;
			buildSettings = {
				ASSETCATALOG_COMPILER_APPICON_NAME = AppIcon;
				CODE_SIGN_STYLE = Automatic;
				DEVELOPMENT_ASSET_PATHS = "\"SwiftUI 3/Preview Content\"";
				DEVELOPMENT_TEAM = 5AHJLZ9MC6;
				ENABLE_PREVIEWS = YES;
				INFOPLIST_FILE = "SwiftUI 3/Info.plist";
				LD_RUNPATH_SEARCH_PATHS = (
					"$(inherited)",
					"@executable_path/Frameworks",
				);
				PRODUCT_BUNDLE_IDENTIFIER = "com.newthinktank.SwiftUI-3";
				PRODUCT_NAME = "$(TARGET_NAME)";
				SWIFT_VERSION = 5.0;
				TARGETED_DEVICE_FAMILY = "1,2";
			};
			name = Debug;
		};
		4DACE45824256C700064C90C /* Release */ = {
			isa = XCBuildConfiguration;
			buildSettings = {
				ASSETCATALOG_COMPILER_APPICON_NAME = AppIcon;
				CODE_SIGN_STYLE = Automatic;
				DEVELOPMENT_ASSET_PATHS = "\"SwiftUI 3/Preview Content\"";
				DEVELOPMENT_TEAM = 5AHJLZ9MC6;
				ENABLE_PREVIEWS = YES;
				INFOPLIST_FILE = "SwiftUI 3/Info.plist";
				LD_RUNPATH_SEARCH_PATHS = (
					"$(inherited)",
					"@executable_path/Frameworks",
				);
				PRODUCT_BUNDLE_IDENTIFIER = "com.newthinktank.SwiftUI-3";
				PRODUCT_NAME = "$(TARGET_NAME)";
				SWIFT_VERSION = 5.0;
				TARGETED_DEVICE_FAMILY = "1,2";
			};
			name = Release;
		};
/* End XCBuildConfiguration section */

/* Begin XCConfigurationList section */
		4DACE43D24256C6F0064C90C /* Build configuration list for PBXProject "SwiftUI 3" */ = {
			isa = XCConfigurationList;
			buildConfigurations = (
				4DACE45424256C700064C90C /* Debug */,
				4DACE45524256C700064C90C /* Release */,
			);
			defaultConfigurationIsVisible = 0;
			defaultConfigurationName = Release;
		};
		4DACE45624256C700064C90C /* Build configuration list for PBXNativeTarget "SwiftUI 3" */ = {
			isa = XCConfigurationList;
			buildConfigurations = (
				4DACE45724256C700064C90C /* Debug */,
				4DACE45824256C700064C90C /* Release */,
			);
			defaultConfigurationIsVisible = 0;
			defaultConfigurationName = Release;
		};
/* End XCConfigurationList section */
	};
	rootObject = 4DACE43A24256C6F0064C90C /* Project object */;
}
